
Microsoft Visual Studio Solution File, Format Version 12.00
# Visual Studio Version 17
VisualStudioVersion = 17.7.34221.43
MinimumVisualStudioVersion = 10.0.40219.1
Project("{FAE04EC0-301F-11D3-BF4B-00C04F79EFBC}") = "Bibliotekssystem", "Bibliotekssystem\Bibliotekssystem.csproj", "{70DFC43F-A28E-48E7-82F7-A4841844C70B}"
EndProject
Global
	GlobalSection(SolutionConfigurationPlatforms) = preSolution
		Debug|Any CPU = Debug|Any CPU
		Release|Any CPU = Release|Any CPU
	EndGlobalSection
	GlobalSection(ProjectConfigurationPlatforms) = postSolution
		{70DFC43F-A28E-48E7-82F7-A4841844C70B}.Debug|Any CPU.ActiveCfg = Debug|Any CPU
		{70DFC43F-A28E-48E7-82F7-A4841844C70B}.Debug|Any CPU.Build.0 = Debug|Any CPU
		{70DFC43F-A28E-48E7-82F7-A4841844C70B}.Release|Any CPU.ActiveCfg = Release|Any CPU
		{70DFC43F-A28E-48E7-82F7-A4841844C70B}.Release|Any CPU.Build.0 = Release|Any CPU
	EndGlobalSection
	GlobalSection(SolutionProperties) = preSolution
		HideSolutionNode = FALSE
	EndGlobalSection
	GlobalSection(ExtensibilityGlobals) = postSolution
		SolutionGuid = {976C00AC-4771-4716-BA9E-FFD6838D13FA}
	EndGlobalSection
EndGlobal
